
Microsoft Visual Studio Solution File, Format Version 12.00
# Visual Studio 14
VisualStudioVersion = 14.0.23107.0
MinimumVisualStudioVersion = 10.0.40219.1
Project("{8BC9CEB8-8B4A-11D0-8D11-00A0C91BC942}") = "odbiornik_SK", "odbiornik_SK\odbiornik_SK.vcxproj", "{B049F396-1265-4284-81B6-30659F1915EF}"
EndProject
Global
	GlobalSection(SolutionConfigurationPlatforms) = preSolution
		Debug|x64 = Debug|x64
		Debug|x86 = Debug|x86
		Release|x64 = Release|x64
		Release|x86 = Release|x86
	EndGlobalSection
	GlobalSection(ProjectConfigurationPlatforms) = postSolution
		{B049F396-1265-4284-81B6-30659F1915EF}.Debug|x64.ActiveCfg = Debug|x64
		{B049F396-1265-4284-81B6-30659F1915EF}.Debug|x64.Build.0 = Debug|x64
		{B049F396-1265-4284-81B6-30659F1915EF}.Debug|x86.ActiveCfg = Debug|Win32
		{B049F396-1265-4284-81B6-30659F1915EF}.Debug|x86.Build.0 = Debug|Win32
		{B049F396-1265-4284-81B6-30659F1915EF}.Release|x64.ActiveCfg = Release|x64
		{B049F396-1265-4284-81B6-30659F1915EF}.Release|x64.Build.0 = Release|x64
		{B049F396-1265-4284-81B6-30659F1915EF}.Release|x86.ActiveCfg = Release|Win32
		{B049F396-1265-4284-81B6-30659F1915EF}.Release|x86.Build.0 = Release|Win32
	EndGlobalSection
	GlobalSection(SolutionProperties) = preSolution
		HideSolutionNode = FALSE
	EndGlobalSection
EndGlobal
